
Microsoft Visual Studio Solution File, Format Version 12.00
# Visual Studio 15
VisualStudioVersion = 15.0.28307.421
MinimumVisualStudioVersion = 10.0.40219.1
Project("{9A19103F-16F7-4668-BE54-9A1E7A4F7556}") = "01Task", "Chapter1\01Task.csproj", "{AA4C4428-CDD0-4C55-A2ED-883415EAD99E}"
EndProject
Project("{9A19103F-16F7-4668-BE54-9A1E7A4F7556}") = "02Task", "Task2\02Task.csproj", "{F91B5035-51DF-4EF0-9ECA-223D672C5473}"
EndProject
Project("{9A19103F-16F7-4668-BE54-9A1E7A4F7556}") = "03Task", "Task3\03Task.csproj", "{1E64FD0E-AC5E-429F-815D-952A200AAEC1}"
EndProject
Project("{9A19103F-16F7-4668-BE54-9A1E7A4F7556}") = "04Task", "Task4\04Task.csproj", "{45BE368C-6775-4868-A3AA-646BEB9A9ADF}"
EndProject
Project("{9A19103F-16F7-4668-BE54-9A1E7A4F7556}") = "05Task", "Task5\05Task.csproj", "{E99FE915-03A8-4DEF-B1E6-E91B9512CADA}"
EndProject
Project("{9A19103F-16F7-4668-BE54-9A1E7A4F7556}") = "06Task", "Task6\06Task.csproj", "{3BE60B29-1D0E-48EA-AB61-5F3FE8C174D8}"
EndProject
Project("{9A19103F-16F7-4668-BE54-9A1E7A4F7556}") = "07Task", "Task7\07Task.csproj", "{3B677DCB-7094-4C0F-9B0F-D9FEE2A2B270}"
EndProject
Project("{9A19103F-16F7-4668-BE54-9A1E7A4F7556}") = "08Task", "Task8\08Task.csproj", "{83E395A0-6EDD-47BA-AD14-221F23355398}"
EndProject
Project("{9A19103F-16F7-4668-BE54-9A1E7A4F7556}") = "09Task", "Task9\09Task.csproj", "{06F33805-6B7D-4EB1-90FB-ADC1CBF704BD}"
EndProject
Project("{9A19103F-16F7-4668-BE54-9A1E7A4F7556}") = "10Task", "Task10\10Task.csproj", "{F60B3E52-E019-40CD-B4C1-8BD5108B0360}"
EndProject
Project("{FAE04EC0-301F-11D3-BF4B-00C04F79EFBC}") = "11Task", "11Task\11Task.csproj", "{BFBB6323-DAF3-4D75-8AAB-2168A7BECD5A}"
EndProject
Project("{FAE04EC0-301F-11D3-BF4B-00C04F79EFBC}") = "12Task", "12Task\12Task.csproj", "{DD5DEDBE-C7D2-4268-A8CE-A3F562B3B828}"
EndProject
Project("{FAE04EC0-301F-11D3-BF4B-00C04F79EFBC}") = "13Task", "13Task\13Task.csproj", "{1F3B663C-DFEC-4C87-A17E-E20CAAB99D7E}"
EndProject
Project("{FAE04EC0-301F-11D3-BF4B-00C04F79EFBC}") = "14Task", "14Task\14Task.csproj", "{0A0517A3-22A6-4C16-91D6-85CF84E91B07}"
EndProject
Global
	GlobalSection(SolutionConfigurationPlatforms) = preSolution
		Debug|Any CPU = Debug|Any CPU
		Release|Any CPU = Release|Any CPU
	EndGlobalSection
	GlobalSection(ProjectConfigurationPlatforms) = postSolution
		{AA4C4428-CDD0-4C55-A2ED-883415EAD99E}.Debug|Any CPU.ActiveCfg = Debug|Any CPU
		{AA4C4428-CDD0-4C55-A2ED-883415EAD99E}.Debug|Any CPU.Build.0 = Debug|Any CPU
		{AA4C4428-CDD0-4C55-A2ED-883415EAD99E}.Release|Any CPU.ActiveCfg = Release|Any CPU
		{AA4C4428-CDD0-4C55-A2ED-883415EAD99E}.Release|Any CPU.Build.0 = Release|Any CPU
		{F91B5035-51DF-4EF0-9ECA-223D672C5473}.Debug|Any CPU.ActiveCfg = Debug|Any CPU
		{F91B5035-51DF-4EF0-9ECA-223D672C5473}.Debug|Any CPU.Build.0 = Debug|Any CPU
		{F91B5035-51DF-4EF0-9ECA-223D672C5473}.Release|Any CPU.ActiveCfg = Release|Any CPU
		{F91B5035-51DF-4EF0-9ECA-223D672C5473}.Release|Any CPU.Build.0 = Release|Any CPU
		{1E64FD0E-AC5E-429F-815D-952A200AAEC1}.Debug|Any CPU.ActiveCfg = Debug|Any CPU
		{1E64FD0E-AC5E-429F-815D-952A200AAEC1}.Debug|Any CPU.Build.0 = Debug|Any CPU
		{1E64FD0E-AC5E-429F-815D-952A200AAEC1}.Release|Any CPU.ActiveCfg = Release|Any CPU
		{1E64FD0E-AC5E-429F-815D-952A200AAEC1}.Release|Any CPU.Build.0 = Release|Any CPU
		{45BE368C-6775-4868-A3AA-646BEB9A9ADF}.Debug|Any CPU.ActiveCfg = Debug|Any CPU
		{45BE368C-6775-4868-A3AA-646BEB9A9ADF}.Debug|Any CPU.Build.0 = Debug|Any CPU
		{45BE368C-6775-4868-A3AA-646BEB9A9ADF}.Release|Any CPU.ActiveCfg = Release|Any CPU
		{45BE368C-6775-4868-A3AA-646BEB9A9ADF}.Release|Any CPU.Build.0 = Release|Any CPU
		{E99FE915-03A8-4DEF-B1E6-E91B9512CADA}.Debug|Any CPU.ActiveCfg = Debug|Any CPU
		{E99FE915-03A8-4DEF-B1E6-E91B9512CADA}.Debug|Any CPU.Build.0 = Debug|Any CPU
		{E99FE915-03A8-4DEF-B1E6-E91B9512CADA}.Release|Any CPU.ActiveCfg = Release|Any CPU
		{E99FE915-03A8-4DEF-B1E6-E91B9512CADA}.Release|Any CPU.Build.0 = Release|Any CPU
		{3BE60B29-1D0E-48EA-AB61-5F3FE8C174D8}.Debug|Any CPU.ActiveCfg = Debug|Any CPU
		{3BE60B29-1D0E-48EA-AB61-5F3FE8C174D8}.Debug|Any CPU.Build.0 = Debug|Any CPU
		{3BE60B29-1D0E-48EA-AB61-5F3FE8C174D8}.Release|Any CPU.ActiveCfg = Release|Any CPU
		{3BE60B29-1D0E-48EA-AB61-5F3FE8C174D8}.Release|Any CPU.Build.0 = Release|Any CPU
		{3B677DCB-7094-4C0F-9B0F-D9FEE2A2B270}.Debug|Any CPU.ActiveCfg = Debug|Any CPU
		{3B677DCB-7094-4C0F-9B0F-D9FEE2A2B270}.Debug|Any CPU.Build.0 = Debug|Any CPU
		{3B677DCB-7094-4C0F-9B0F-D9FEE2A2B270}.Release|Any CPU.ActiveCfg = Release|Any CPU
		{3B677DCB-7094-4C0F-9B0F-D9FEE2A2B270}.Release|Any CPU.Build.0 = Release|Any CPU
		{83E395A0-6EDD-47BA-AD14-221F23355398}.Debug|Any CPU.ActiveCfg = Debug|Any CPU
		{83E395A0-6EDD-47BA-AD14-221F23355398}.Debug|Any CPU.Build.0 = Debug|Any CPU
		{83E395A0-6EDD-47BA-AD14-221F23355398}.Release|Any CPU.ActiveCfg = Release|Any CPU
		{83E395A0-6EDD-47BA-AD14-221F23355398}.Release|Any CPU.Build.0 = Release|Any CPU
		{06F33805-6B7D-4EB1-90FB-ADC1CBF704BD}.Debug|Any CPU.ActiveCfg = Debug|Any CPU
		{06F33805-6B7D-4EB1-90FB-ADC1CBF704BD}.Debug|Any CPU.Build.0 = Debug|Any CPU
		{06F33805-6B7D-4EB1-90FB-ADC1CBF704BD}.Release|Any CPU.ActiveCfg = Release|Any CPU
		{06F33805-6B7D-4EB1-90FB-ADC1CBF704BD}.Release|Any CPU.Build.0 = Release|Any CPU
		{F60B3E52-E019-40CD-B4C1-8BD5108B0360}.Debug|Any CPU.ActiveCfg = Debug|Any CPU
		{F60B3E52-E019-40CD-B4C1-8BD5108B0360}.Debug|Any CPU.Build.0 = Debug|Any CPU
		{F60B3E52-E019-40CD-B4C1-8BD5108B0360}.Release|Any CPU.ActiveCfg = Release|Any CPU
		{F60B3E52-E019-40CD-B4C1-8BD5108B0360}.Release|Any CPU.Build.0 = Release|Any CPU
		{BFBB6323-DAF3-4D75-8AAB-2168A7BECD5A}.Debug|Any CPU.ActiveCfg = Debug|Any CPU
		{BFBB6323-DAF3-4D75-8AAB-2168A7BECD5A}.Debug|Any CPU.Build.0 = Debug|Any CPU
		{BFBB6323-DAF3-4D75-8AAB-2168A7BECD5A}.Release|Any CPU.ActiveCfg = Release|Any CPU
		{BFBB6323-DAF3-4D75-8AAB-2168A7BECD5A}.Release|Any CPU.Build.0 = Release|Any CPU
		{DD5DEDBE-C7D2-4268-A8CE-A3F562B3B828}.Debug|Any CPU.ActiveCfg = Debug|Any CPU
		{DD5DEDBE-C7D2-4268-A8CE-A3F562B3B828}.Debug|Any CPU.Build.0 = Debug|Any CPU
		{DD5DEDBE-C7D2-4268-A8CE-A3F562B3B828}.Release|Any CPU.ActiveCfg = Release|Any CPU
		{DD5DEDBE-C7D2-4268-A8CE-A3F562B3B828}.Release|Any CPU.Build.0 = Release|Any CPU
		{1F3B663C-DFEC-4C87-A17E-E20CAAB99D7E}.Debug|Any CPU.ActiveCfg = Debug|Any CPU
		{1F3B663C-DFEC-4C87-A17E-E20CAAB99D7E}.Debug|Any CPU.Build.0 = Debug|Any CPU
		{1F3B663C-DFEC-4C87-A17E-E20CAAB99D7E}.Release|Any CPU.ActiveCfg = Release|Any CPU
		{1F3B663C-DFEC-4C87-A17E-E20CAAB99D7E}.Release|Any CPU.Build.0 = Release|Any CPU
		{0A0517A3-22A6-4C16-91D6-85CF84E91B07}.Debug|Any CPU.ActiveCfg = Debug|Any CPU
		{0A0517A3-22A6-4C16-91D6-85CF84E91B07}.Debug|Any CPU.Build.0 = Debug|Any CPU
		{0A0517A3-22A6-4C16-91D6-85CF84E91B07}.Release|Any CPU.ActiveCfg = Release|Any CPU
		{0A0517A3-22A6-4C16-91D6-85CF84E91B07}.Release|Any CPU.Build.0 = Release|Any CPU
	EndGlobalSection
	GlobalSection(SolutionProperties) = preSolution
		HideSolutionNode = FALSE
	EndGlobalSection
	GlobalSection(ExtensibilityGlobals) = postSolution
		SolutionGuid = {D8DB073D-E372-433D-A8AE-D06574308263}
	EndGlobalSection
EndGlobal
